{
  "version": 4,
  "terraform_version": "1.8.1",
  "serial": 19,
  "lineage": "58d82bd2-aa3e-d467-2da6-71eeb9cda826",
  "outputs": {},
  "resources": [
    {
      "mode": "managed",
      "type": "docker_image",
      "name": "jenkins",
      "provider": "provider[\"registry.terraform.io/kreuzwerker/docker\"]",
      "instances": [
        {
          "schema_version": 0,
          "attributes": {
            "build": [],
            "force_remove": null,
            "id": "sha256:4e586344183abe8c7b040ce0601430bbedaacfb898ddd3997d7df4ebe474fe82jenkins/jenkins:lts",
            "image_id": "sha256:4e586344183abe8c7b040ce0601430bbedaacfb898ddd3997d7df4ebe474fe82",
            "keep_locally": false,
            "name": "jenkins/jenkins:lts",
            "platform": null,
            "pull_triggers": null,
            "repo_digest": "jenkins/jenkins@sha256:de4fea113221ab9e67567da3248abcb731dbe407056d0cab28cfa88bad9ae536",
            "triggers": null
          },
          "sensitive_attributes": [],
          "private": "bnVsbA=="
        }
      ]
    }
  ],
  "check_results": null
}
